
Microsoft Visual Studio Solution File, Format Version 12.00
# Visual Studio Version 16
VisualStudioVersion = 16.0.30114.105
MinimumVisualStudioVersion = 10.0.40219.1
Project("{FAE04EC0-301F-11D3-BF4B-00C04F79EFBC}") = "VDFparse.Core", "VDFparse.Core\VDFparse.Core.csproj", "{FC62919A-DEE9-494A-9341-CE1355776429}"
EndProject
Project("{FAE04EC0-301F-11D3-BF4B-00C04F79EFBC}") = "VDFparse.Cli", "VDFparse.Cli\VDFparse.Cli.csproj", "{C04FC0FA-DB14-4336-9A92-2F956D725A79}"
EndProject
Global
	GlobalSection(SolutionConfigurationPlatforms) = preSolution
		Debug|Any CPU = Debug|Any CPU
		Release|Any CPU = Release|Any CPU
	EndGlobalSection
	GlobalSection(SolutionProperties) = preSolution
		HideSolutionNode = FALSE
	EndGlobalSection
	GlobalSection(ProjectConfigurationPlatforms) = postSolution
		{C04FC0FA-DB14-4336-9A92-2F956D725A79}.Debug|Any CPU.ActiveCfg = Debug|Any CPU
		{C04FC0FA-DB14-4336-9A92-2F956D725A79}.Debug|Any CPU.Build.0 = Debug|Any CPU
		{C04FC0FA-DB14-4336-9A92-2F956D725A79}.Release|Any CPU.ActiveCfg = Release|Any CPU
		{C04FC0FA-DB14-4336-9A92-2F956D725A79}.Release|Any CPU.Build.0 = Release|Any CPU
		{FC62919A-DEE9-494A-9341-CE1355776429}.Debug|Any CPU.ActiveCfg = Debug|Any CPU
		{FC62919A-DEE9-494A-9341-CE1355776429}.Debug|Any CPU.Build.0 = Debug|Any CPU
		{FC62919A-DEE9-494A-9341-CE1355776429}.Release|Any CPU.ActiveCfg = Release|Any CPU
		{FC62919A-DEE9-494A-9341-CE1355776429}.Release|Any CPU.Build.0 = Release|Any CPU
	EndGlobalSection
EndGlobal
